PODS:
  - Bohr (3.0.0)
  - DebugPanel (0.1.0):
    - Bohr (~> 3.0)

DEPENDENCIES:
  - Bohr (~> 3.0)
  - DebugPanel (from `../`)

SPEC REPOS:
  https://github.com/cocoapods/specs.git:
    - Bohr

EXTERNAL SOURCES:
  DebugPanel:
    :path: "../"

SPEC CHECKSUMS:
  Bohr: 17b150766e54e1fb8ff417d85b830c7caafa8b4a
  DebugPanel: 007dd71a8eae066fae6839fd6e9a2a8cbe09a68c

PODFILE CHECKSUM: 5bd73f42e09e3f46959325bf90f11fd622abcc9a

COCOAPODS: 1.5.3
