PODS:
  - Bohr (3.0.0)
  - DebugPanel (0.1.0):
    - Bohr

DEPENDENCIES:
  - Bohr
  - DebugPanel (from `../`)

SPEC REPOS:
  https://github.com/CocoaPods/Specs.git:
    - Bohr

EXTERNAL SOURCES:
  DebugPanel:
    :path: "../"

SPEC CHECKSUMS:
  Bohr: 17b150766e54e1fb8ff417d85b830c7caafa8b4a
  DebugPanel: 19114658c4b2667ff7a2e21da9505de694be3ee5

PODFILE CHECKSUM: 5a430e95ac431cd979da13341d662a5a65bdbe11

COCOAPODS: 1.5.0
