PODS:
  - Bohr (3.0.0)
  - DebugPanel (0.2.6):
    - Bohr (~> 3.0)

DEPENDENCIES:
  - Bohr (~> 3.0)
  - DebugPanel (from `../`)

SPEC REPOS:
  https://github.com/CocoaPods/Specs.git:
    - Bohr

EXTERNAL SOURCES:
  DebugPanel:
    :path: "../"

SPEC CHECKSUMS:
  Bohr: 17b150766e54e1fb8ff417d85b830c7caafa8b4a
  DebugPanel: dcf8de1d57723c69200d781b4a7b941095fde566

PODFILE CHECKSUM: 5bd73f42e09e3f46959325bf90f11fd622abcc9a

COCOAPODS: 1.11.2
